
Microsoft Visual Studio Solution File, Format Version 12.00
# Visual Studio Version 17
VisualStudioVersion = 17.1.32328.378
MinimumVisualStudioVersion = 10.0.40219.1
Project("{FAE04EC0-301F-11D3-BF4B-00C04F79EFBC}") = "Disconnected", "Disconnected\Disconnected.csproj", "{8FBC2A6C-7710-45D4-A24E-30672D103069}"
EndProject
Global
	GlobalSection(SolutionConfigurationPlatforms) = preSolution
		Debug|Any CPU = Debug|Any CPU
		Release|Any CPU = Release|Any CPU
	EndGlobalSection
	GlobalSection(ProjectConfigurationPlatforms) = postSolution
		{8FBC2A6C-7710-45D4-A24E-30672D103069}.Debug|Any CPU.ActiveCfg = Debug|Any CPU
		{8FBC2A6C-7710-45D4-A24E-30672D103069}.Debug|Any CPU.Build.0 = Debug|Any CPU
		{8FBC2A6C-7710-45D4-A24E-30672D103069}.Release|Any CPU.ActiveCfg = Release|Any CPU
		{8FBC2A6C-7710-45D4-A24E-30672D103069}.Release|Any CPU.Build.0 = Release|Any CPU
	EndGlobalSection
	GlobalSection(SolutionProperties) = preSolution
		HideSolutionNode = FALSE
	EndGlobalSection
	GlobalSection(ExtensibilityGlobals) = postSolution
		SolutionGuid = {E568F0A8-8450-4A6E-B2BA-E0D8731AFB3E}
	EndGlobalSection
EndGlobal
